
Microsoft Visual Studio Solution File, Format Version 12.00
# Visual Studio Version 17
VisualStudioVersion = 17.11.35222.181
MinimumVisualStudioVersion = 10.0.40219.1
Project("{FAE04EC0-301F-11D3-BF4B-00C04F79EFBC}") = "FribergCarRentals", "FribergCarRentals\FribergCarRentals.csproj", "{CAB49B0B-28BF-42C5-BD9E-0658A16E621D}"
EndProject
Global
	GlobalSection(SolutionConfigurationPlatforms) = preSolution
		Debug|Any CPU = Debug|Any CPU
		Release|Any CPU = Release|Any CPU
	EndGlobalSection
	GlobalSection(ProjectConfigurationPlatforms) = postSolution
		{CAB49B0B-28BF-42C5-BD9E-0658A16E621D}.Debug|Any CPU.ActiveCfg = Debug|Any CPU
		{CAB49B0B-28BF-42C5-BD9E-0658A16E621D}.Debug|Any CPU.Build.0 = Debug|Any CPU
		{CAB49B0B-28BF-42C5-BD9E-0658A16E621D}.Release|Any CPU.ActiveCfg = Release|Any CPU
		{CAB49B0B-28BF-42C5-BD9E-0658A16E621D}.Release|Any CPU.Build.0 = Release|Any CPU
	EndGlobalSection
	GlobalSection(SolutionProperties) = preSolution
		HideSolutionNode = FALSE
	EndGlobalSection
	GlobalSection(ExtensibilityGlobals) = postSolution
		SolutionGuid = {8471E6EA-708E-4D9C-9F03-DB95180C5A07}
	EndGlobalSection
EndGlobal
